
Microsoft Visual Studio Solution File, Format Version 12.00
# Visual Studio Version 17
VisualStudioVersion = 17.1.32228.430
MinimumVisualStudioVersion = 10.0.40219.1
Project("{9A19103F-16F7-4668-BE54-9A1E7A4F7556}") = "AlbumsAndBands", "AlbumsAndBands.csproj", "{D758A90B-EB29-4D86-B324-22433727FFB9}"
EndProject
Project("{9A19103F-16F7-4668-BE54-9A1E7A4F7556}") = "TestProject", "..\TestProject\TestProject.csproj", "{B4E8A6A1-3E1B-4C19-90FD-C9ABC8B4142C}"
EndProject
Global
	GlobalSection(SolutionConfigurationPlatforms) = preSolution
		Debug|Any CPU = Debug|Any CPU
		Release|Any CPU = Release|Any CPU
	EndGlobalSection
	GlobalSection(ProjectConfigurationPlatforms) = postSolution
		{D758A90B-EB29-4D86-B324-22433727FFB9}.Debug|Any CPU.ActiveCfg = Debug|Any CPU
		{D758A90B-EB29-4D86-B324-22433727FFB9}.Debug|Any CPU.Build.0 = Debug|Any CPU
		{D758A90B-EB29-4D86-B324-22433727FFB9}.Release|Any CPU.ActiveCfg = Release|Any CPU
		{D758A90B-EB29-4D86-B324-22433727FFB9}.Release|Any CPU.Build.0 = Release|Any CPU
		{B4E8A6A1-3E1B-4C19-90FD-C9ABC8B4142C}.Debug|Any CPU.ActiveCfg = Debug|Any CPU
		{B4E8A6A1-3E1B-4C19-90FD-C9ABC8B4142C}.Debug|Any CPU.Build.0 = Debug|Any CPU
		{B4E8A6A1-3E1B-4C19-90FD-C9ABC8B4142C}.Release|Any CPU.ActiveCfg = Release|Any CPU
		{B4E8A6A1-3E1B-4C19-90FD-C9ABC8B4142C}.Release|Any CPU.Build.0 = Release|Any CPU
	EndGlobalSection
	GlobalSection(SolutionProperties) = preSolution
		HideSolutionNode = FALSE
	EndGlobalSection
	GlobalSection(ExtensibilityGlobals) = postSolution
		SolutionGuid = {B94337B0-CBA1-467F-9ED4-F1878A50156E}
	EndGlobalSection
EndGlobal
